
Microsoft Visual Studio Solution File, Format Version 12.00
# Visual Studio Version 17
VisualStudioVersion = 17.5.33516.290
MinimumVisualStudioVersion = 10.0.40219.1
Project("{FAE04EC0-301F-11D3-BF4B-00C04F79EFBC}") = "WebApp0630", "WebApp0630.csproj", "{3E61E212-A3B3-4894-B944-1597279E99CC}"
EndProject
Project("{FAE04EC0-301F-11D3-BF4B-00C04F79EFBC}") = "WebApp0630.Tests", "..\WebApp0630.Tests\WebApp0630.Tests.csproj", "{84A1440C-F4AE-46B0-A530-00D973C5E89B}"
EndProject
Global
	GlobalSection(SolutionConfigurationPlatforms) = preSolution
		Debug|Any CPU = Debug|Any CPU
		Release|Any CPU = Release|Any CPU
	EndGlobalSection
	GlobalSection(ProjectConfigurationPlatforms) = postSolution
		{3E61E212-A3B3-4894-B944-1597279E99CC}.Debug|Any CPU.ActiveCfg = Debug|Any CPU
		{3E61E212-A3B3-4894-B944-1597279E99CC}.Debug|Any CPU.Build.0 = Debug|Any CPU
		{3E61E212-A3B3-4894-B944-1597279E99CC}.Release|Any CPU.ActiveCfg = Release|Any CPU
		{3E61E212-A3B3-4894-B944-1597279E99CC}.Release|Any CPU.Build.0 = Release|Any CPU
		{84A1440C-F4AE-46B0-A530-00D973C5E89B}.Debug|Any CPU.ActiveCfg = Debug|Any CPU
		{84A1440C-F4AE-46B0-A530-00D973C5E89B}.Debug|Any CPU.Build.0 = Debug|Any CPU
		{84A1440C-F4AE-46B0-A530-00D973C5E89B}.Release|Any CPU.ActiveCfg = Release|Any CPU
		{84A1440C-F4AE-46B0-A530-00D973C5E89B}.Release|Any CPU.Build.0 = Release|Any CPU
	EndGlobalSection
	GlobalSection(SolutionProperties) = preSolution
		HideSolutionNode = FALSE
	EndGlobalSection
	GlobalSection(ExtensibilityGlobals) = postSolution
		SolutionGuid = {F291BF12-B3EE-47D1-8833-84A7174A6097}
	EndGlobalSection
EndGlobal
